// !$*UTF8*$!
{
	archiveVersion = 1;
	classes = {
	};
	objectVersion = 42;
	objects = {

/* Begin PBXBuildFile section */
		496353F80D4CCE3C00A7B7DA /* tkCanvGroup.c in Sources */ = {isa = PBXBuildFile; fileRef = 496353F70D4CCE3C00A7B7DA /* tkCanvGroup.c */; };
		4964DC250D4333A90050C442 /* tkpUtil.c in Sources */ = {isa = PBXBuildFile; fileRef = 4964DC240D4333A90050C442 /* tkpUtil.c */; };
		4964E76E0D41D3730030426E /* tkpTrig.c in Sources */ = {isa = PBXBuildFile; fileRef = 4964E76D0D41D3730030426E /* tkpTrig.c */; };
		496824A40DD5E65D000D7DA7 /* tkCanvGradient.c in Sources */ = {isa = PBXBuildFile; fileRef = 496824A30DD5E65D000D7DA7 /* tkCanvGradient.c */; };
		496D9D750DE2B9BB002618BA /* tkCanvStyle.c in Sources */ = {isa = PBXBuildFile; fileRef = 496D9D740DE2B9BB002618BA /* tkCanvStyle.c */; };
		49ECBBA40D3FA7C900A1FB4F /* tkp.h in Headers */ = {isa = PBXBuildFile; fileRef = 49ECBBA30D3FA7C900A1FB4F /* tkp.h */; };
		49FA530A0D3CF52D00DE2BD2 /* tkIntPath.h in Headers */ = {isa = PBXBuildFile; fileRef = 9AA1ECEA077FF7CC00A80065 /* tkIntPath.h */; };
		49FA530B0D3CF52D00DE2BD2 /* tkPath.h in Headers */ = {isa = PBXBuildFile; fileRef = 9AF2FEBB079410DB00AB783C /* tkPath.h */; };
		49FA530C0D3CF52D00DE2BD2 /* tkCanvPathUtil.h in Headers */ = {isa = PBXBuildFile; fileRef = 9A66FCF40978E3400086B7B8 /* tkCanvPathUtil.h */; };
		49FA530E0D3CF52D00DE2BD2 /* tkPathStyle.h in Headers */ = {isa = PBXBuildFile; fileRef = 9A96B2380B898CA800A80002 /* tkPathStyle.h */; };
		49FA53100D3CF52D00DE2BD2 /* tkMacOSXPath.c in Sources */ = {isa = PBXBuildFile; fileRef = 9AA1ECE6077FF68100A80065 /* tkMacOSXPath.c */; };
		49FA53110D3CF52D00DE2BD2 /* tkCanvPath.c in Sources */ = {isa = PBXBuildFile; fileRef = 9AA1ECE8077FF7BF00A80065 /* tkCanvPath.c */; };
		49FA53120D3CF52D00DE2BD2 /* tkPathGradient.c in Sources */ = {isa = PBXBuildFile; fileRef = 9A58E5420796814B00FBE143 /* tkPathGradient.c */; };
		49FA53130D3CF52D00DE2BD2 /* tkPath.c in Sources */ = {isa = PBXBuildFile; fileRef = 9A017ED6079FCCE100A80065 /* tkPath.c */; };
		49FA53140D3CF52D00DE2BD2 /* path.c in Sources */ = {isa = PBXBuildFile; fileRef = 9A56FF2807A234510091799F /* path.c */; };
		49FA53150D3CF52D00DE2BD2 /* tkPathStyle.c in Sources */ = {isa = PBXBuildFile; fileRef = 9AA0B6C407DD8C9900A80065 /* tkPathStyle.c */; };
		49FA53160D3CF52D00DE2BD2 /* tkPathUtil.c in Sources */ = {isa = PBXBuildFile; fileRef = 9A5BCDA007E2D8B400B6FA03 /* tkPathUtil.c */; };
		49FA53180D3CF52D00DE2BD2 /* tkCanvPrect.c in Sources */ = {isa = PBXBuildFile; fileRef = 9A66FCF20978D8050086B7B8 /* tkCanvPrect.c */; };
		49FA53190D3CF52D00DE2BD2 /* tkCanvPathUtil.c in Sources */ = {isa = PBXBuildFile; fileRef = 9A5B17C7097BA957000B33B2 /* tkCanvPathUtil.c */; };
		49FA531A0D3CF52D00DE2BD2 /* tkCanvPline.c in Sources */ = {isa = PBXBuildFile; fileRef = 9A587F03098FA7870094E994 /* tkCanvPline.c */; };
		49FA531B0D3CF52D00DE2BD2 /* tkCanvPimage.c in Sources */ = {isa = PBXBuildFile; fileRef = 9A671A8F099DC683007AF773 /* tkCanvPimage.c */; };
		49FA531C0D3CF52D00DE2BD2 /* tkCanvEllipse.c in Sources */ = {isa = PBXBuildFile; fileRef = 9A6265BF09C474B3009A2B1E /* tkCanvEllipse.c */; };
		49FA531D0D3CF52D00DE2BD2 /* tkCanvPpoly.c in Sources */ = {isa = PBXBuildFile; fileRef = 9AB087D80A38001400A80065 /* tkCanvPpoly.c */; };
		49FA531E0D3CF52D00DE2BD2 /* tkCanvPtext.c in Sources */ = {isa = PBXBuildFile; fileRef = 9A5A2A920B45059700496554 /* tkCanvPtext.c */; };
		49FA531F0D3CF52D00DE2BD2 /* tkPathSurface.c in Sources */ = {isa = PBXBuildFile; fileRef = 9AB6AB700B835DCD00A80002 /* tkPathSurface.c */; };
		49FA53210D3CF52D00DE2BD2 /* Carbon.framework in Frameworks */ = {isa = PBXBuildFile; fileRef = 08FB77AAFE841565C02AAC07 /* Carbon.framework */; };
		49FA53220D3CF52D00DE2BD2 /* CoreServices.framework in Frameworks */ = {isa = PBXBuildFile; fileRef = F5564883038142E001A4FCC0 /* CoreServices.framework */; };
		49FA53230D3CF52D00DE2BD2 /* libtclstub8.5.a in Frameworks */ = {isa = PBXBuildFile; fileRef = 9A57846A043C3778009A6529 /* libtclstub8.5.a */; };
		49FA53240D3CF52D00DE2BD2 /* libtkstub8.5.a in Frameworks */ = {isa = PBXBuildFile; fileRef = 9A57846C043C37A8009A6529 /* libtkstub8.5.a */; };
		49FA53410D3CF5DC00DE2BD2 /* tkpCanvArc.c in Sources */ = {isa = PBXBuildFile; fileRef = 49FA53350D3CF5DC00DE2BD2 /* tkpCanvArc.c */; };
		49FA53420D3CF5DC00DE2BD2 /* tkpCanvas.c in Sources */ = {isa = PBXBuildFile; fileRef = 49FA53360D3CF5DC00DE2BD2 /* tkpCanvas.c */; };
		49FA53430D3CF5DC00DE2BD2 /* tkpCanvas.h in Headers */ = {isa = PBXBuildFile; fileRef = 49FA53370D3CF5DC00DE2BD2 /* tkpCanvas.h */; };
		49FA53440D3CF5DC00DE2BD2 /* tkpCanvBmap.c in Sources */ = {isa = PBXBuildFile; fileRef = 49FA53380D3CF5DC00DE2BD2 /* tkpCanvBmap.c */; };
		49FA53450D3CF5DC00DE2BD2 /* tkpCanvImg.c in Sources */ = {isa = PBXBuildFile; fileRef = 49FA53390D3CF5DC00DE2BD2 /* tkpCanvImg.c */; };
		49FA53460D3CF5DC00DE2BD2 /* tkpCanvLine.c in Sources */ = {isa = PBXBuildFile; fileRef = 49FA533A0D3CF5DC00DE2BD2 /* tkpCanvLine.c */; };
		49FA53470D3CF5DC00DE2BD2 /* tkpCanvPoly.c in Sources */ = {isa = PBXBuildFile; fileRef = 49FA533B0D3CF5DC00DE2BD2 /* tkpCanvPoly.c */; };
		49FA53480D3CF5DC00DE2BD2 /* tkpCanvPs.c in Sources */ = {isa = PBXBuildFile; fileRef = 49FA533C0D3CF5DC00DE2BD2 /* tkpCanvPs.c */; };
		49FA53490D3CF5DC00DE2BD2 /* tkpCanvText.c in Sources */ = {isa = PBXBuildFile; fileRef = 49FA533D0D3CF5DC00DE2BD2 /* tkpCanvText.c */; };
		49FA534A0D3CF5DC00DE2BD2 /* tkpCanvUtil.c in Sources */ = {isa = PBXBuildFile; fileRef = 49FA533E0D3CF5DC00DE2BD2 /* tkpCanvUtil.c */; };
		49FA534B0D3CF5DC00DE2BD2 /* tkpCanvWind.c in Sources */ = {isa = PBXBuildFile; fileRef = 49FA533F0D3CF5DC00DE2BD2 /* tkpCanvWind.c */; };
		49FA534C0D3CF5DC00DE2BD2 /* tkpRectOval.c in Sources */ = {isa = PBXBuildFile; fileRef = 49FA53400D3CF5DC00DE2BD2 /* tkpRectOval.c */; };
/* End PBXBuildFile section */

/* Begin PBXFileReference section */
		08FB77AAFE841565C02AAC07 /* Carbon.framework */ = {isa = PBXFileReference; lastKnownFileType = wrapper.framework; name = Carbon.framework; path = /System/Library/Frameworks/Carbon.framework; sourceTree = "<absolute>"; };
		496353F70D4CCE3C00A7B7DA /* tkCanvGroup.c */ = {isa = PBXFileReference; fileEncoding = 4; lastKnownFileType = sourcecode.c.c; name = tkCanvGroup.c; path = ../generic/tkCanvGroup.c; sourceTree = SOURCE_ROOT; };
		4964DC240D4333A90050C442 /* tkpUtil.c */ = {isa = PBXFileReference; fileEncoding = 4; indentWidth = 4; lastKnownFileType = sourcecode.c.c; name = tkpUtil.c; path = ../generic/tkpUtil.c; sourceTree = SOURCE_ROOT; tabWidth = 8; usesTabs = 1; };
		4964E76D0D41D3730030426E /* tkpTrig.c */ = {isa = PBXFileReference; fileEncoding = 4; indentWidth = 4; lastKnownFileType = sourcecode.c.c; name = tkpTrig.c; path = ../generic/tkpTrig.c; sourceTree = SOURCE_ROOT; tabWidth = 8; usesTabs = 1; };
		496824A30DD5E65D000D7DA7 /* tkCanvGradient.c */ = {isa = PBXFileReference; fileEncoding = 4; lastKnownFileType = sourcecode.c.c; name = tkCanvGradient.c; path = ../generic/tkCanvGradient.c; sourceTree = SOURCE_ROOT; };
		496D9D740DE2B9BB002618BA /* tkCanvStyle.c */ = {isa = PBXFileReference; fileEncoding = 4; lastKnownFileType = sourcecode.c.c; name = tkCanvStyle.c; path = ../generic/tkCanvStyle.c; sourceTree = SOURCE_ROOT; };
		49ECBBA30D3FA7C900A1FB4F /* tkp.h */ = {isa = PBXFileReference; fileEncoding = 4; indentWidth = 4; lastKnownFileType = sourcecode.c.h; name = tkp.h; path = ../generic/tkp.h; sourceTree = SOURCE_ROOT; tabWidth = 8; usesTabs = 1; };
		49FA532A0D3CF52D00DE2BD2 /* tkpath0.3.1.dylib */ = {isa = PBXFileReference; explicitFileType = "compiled.mach-o.dylib"; includeInIndex = 0; path = tkpath0.3.1.dylib; sourceTree = BUILT_PRODUCTS_DIR; };
		49FA53350D3CF5DC00DE2BD2 /* tkpCanvArc.c */ = {isa = PBXFileReference; fileEncoding = 4; indentWidth = 4; lastKnownFileType = sourcecode.c.c; name = tkpCanvArc.c; path = ../generic/tkpCanvArc.c; sourceTree = SOURCE_ROOT; tabWidth = 8; usesTabs = 1; };
		49FA53360D3CF5DC00DE2BD2 /* tkpCanvas.c */ = {isa = PBXFileReference; fileEncoding = 4; indentWidth = 4; lastKnownFileType = sourcecode.c.c; name = tkpCanvas.c; path = ../generic/tkpCanvas.c; sourceTree = SOURCE_ROOT; tabWidth = 8; usesTabs = 1; };
		49FA53370D3CF5DC00DE2BD2 /* tkpCanvas.h */ = {isa = PBXFileReference; fileEncoding = 4; indentWidth = 4; lastKnownFileType = sourcecode.c.h; name = tkpCanvas.h; path = ../generic/tkpCanvas.h; sourceTree = SOURCE_ROOT; tabWidth = 8; usesTabs = 1; };
		49FA53380D3CF5DC00DE2BD2 /* tkpCanvBmap.c */ = {isa = PBXFileReference; fileEncoding = 4; indentWidth = 4; lastKnownFileType = sourcecode.c.c; name = tkpCanvBmap.c; path = ../generic/tkpCanvBmap.c; sourceTree = SOURCE_ROOT; tabWidth = 8; usesTabs = 1; };
		49FA53390D3CF5DC00DE2BD2 /* tkpCanvImg.c */ = {isa = PBXFileReference; fileEncoding = 4; indentWidth = 4; lastKnownFileType = sourcecode.c.c; name = tkpCanvImg.c; path = ../generic/tkpCanvImg.c; sourceTree = SOURCE_ROOT; tabWidth = 8; usesTabs = 1; };
		49FA533A0D3CF5DC00DE2BD2 /* tkpCanvLine.c */ = {isa = PBXFileReference; fileEncoding = 4; lastKnownFileType = sourcecode.c.c; name = tkpCanvLine.c; path = ../generic/tkpCanvLine.c; sourceTree = SOURCE_ROOT; };
		49FA533B0D3CF5DC00DE2BD2 /* tkpCanvPoly.c */ = {isa = PBXFileReference; fileEncoding = 4; indentWidth = 4; lastKnownFileType = sourcecode.c.c; name = tkpCanvPoly.c; path = ../generic/tkpCanvPoly.c; sourceTree = SOURCE_ROOT; tabWidth = 8; usesTabs = 1; };
		49FA533C0D3CF5DC00DE2BD2 /* tkpCanvPs.c */ = {isa = PBXFileReference; fileEncoding = 4; indentWidth = 4; lastKnownFileType = sourcecode.c.c; name = tkpCanvPs.c; path = ../generic/tkpCanvPs.c; sourceTree = SOURCE_ROOT; tabWidth = 8; usesTabs = 1; };
		49FA533D0D3CF5DC00DE2BD2 /* tkpCanvText.c */ = {isa = PBXFileReference; fileEncoding = 4; lastKnownFileType = sourcecode.c.c; name = tkpCanvText.c; path = ../generic/tkpCanvText.c; sourceTree = SOURCE_ROOT; };
		49FA533E0D3CF5DC00DE2BD2 /* tkpCanvUtil.c */ = {isa = PBXFileReference; fileEncoding = 4; indentWidth = 4; lastKnownFileType = sourcecode.c.c; name = tkpCanvUtil.c; path = ../generic/tkpCanvUtil.c; sourceTree = SOURCE_ROOT; tabWidth = 8; usesTabs = 1; };
		49FA533F0D3CF5DC00DE2BD2 /* tkpCanvWind.c */ = {isa = PBXFileReference; fileEncoding = 4; lastKnownFileType = sourcecode.c.c; name = tkpCanvWind.c; path = ../generic/tkpCanvWind.c; sourceTree = SOURCE_ROOT; };
		49FA53400D3CF5DC00DE2BD2 /* tkpRectOval.c */ = {isa = PBXFileReference; fileEncoding = 4; indentWidth = 4; lastKnownFileType = sourcecode.c.c; name = tkpRectOval.c; path = ../generic/tkpRectOval.c; sourceTree = SOURCE_ROOT; tabWidth = 8; usesTabs = 1; };
		9A017ED6079FCCE100A80065 /* tkPath.c */ = {isa = PBXFileReference; fileEncoding = 4; indentWidth = 4; lastKnownFileType = sourcecode.c.c; name = tkPath.c; path = ../generic/tkPath.c; sourceTree = SOURCE_ROOT; tabWidth = 4; usesTabs = 0; };
		9A49B81F07A7AA2F00A80065 /* tkUnixCairoPath.c */ = {isa = PBXFileReference; fileEncoding = 4; indentWidth = 4; lastKnownFileType = sourcecode.c.c; name = tkUnixCairoPath.c; path = ../unix/tkUnixCairoPath.c; sourceTree = SOURCE_ROOT; tabWidth = 4; usesTabs = 0; };
		9A56FF2807A234510091799F /* path.c */ = {isa = PBXFileReference; fileEncoding = 4; lastKnownFileType = sourcecode.c.c; name = path.c; path = ../generic/path.c; sourceTree = SOURCE_ROOT; };
		9A578441043C3672009A6529 /* Tcl.framework */ = {isa = PBXFileReference; lastKnownFileType = wrapper.framework; name = Tcl.framework; path = /Library/Frameworks/Tcl.framework; sourceTree = "<absolute>"; };
		9A578465043C369F009A6529 /* Tk.framework */ = {isa = PBXFileReference; lastKnownFileType = wrapper.framework; name = Tk.framework; path = /Library/Frameworks/Tk.framework; sourceTree = "<absolute>"; };
		9A57846A043C3778009A6529 /* libtclstub8.5.a */ = {isa = PBXFileReference; lastKnownFileType = archive.ar; name = libtclstub8.5.a; path = /Library/Frameworks/Tcl.framework/libtclstub8.5.a; sourceTree = "<absolute>"; };
		9A57846C043C37A8009A6529 /* libtkstub8.5.a */ = {isa = PBXFileReference; lastKnownFileType = archive.ar; name = libtkstub8.5.a; path = /Library/Frameworks/Tk.framework/libtkstub8.5.a; sourceTree = "<absolute>"; };
		9A587F03098FA7870094E994 /* tkCanvPline.c */ = {isa = PBXFileReference; fileEncoding = 4; lastKnownFileType = sourcecode.c.c; name = tkCanvPline.c; path = ../generic/tkCanvPline.c; sourceTree = SOURCE_ROOT; };
		9A58E5420796814B00FBE143 /* tkPathGradient.c */ = {isa = PBXFileReference; fileEncoding = 4; lastKnownFileType = sourcecode.c.c; name = tkPathGradient.c; path = ../generic/tkPathGradient.c; sourceTree = SOURCE_ROOT; };
		9A5A2A920B45059700496554 /* tkCanvPtext.c */ = {isa = PBXFileReference; fileEncoding = 30; lastKnownFileType = sourcecode.c.c; name = tkCanvPtext.c; path = ../generic/tkCanvPtext.c; sourceTree = SOURCE_ROOT; };
		9A5B17C7097BA957000B33B2 /* tkCanvPathUtil.c */ = {isa = PBXFileReference; fileEncoding = 4; lastKnownFileType = sourcecode.c.c; name = tkCanvPathUtil.c; path = ../generic/tkCanvPathUtil.c; sourceTree = SOURCE_ROOT; };
		9A5BCDA007E2D8B400B6FA03 /* tkPathUtil.c */ = {isa = PBXFileReference; fileEncoding = 4; indentWidth = 4; lastKnownFileType = sourcecode.c.c; name = tkPathUtil.c; path = ../generic/tkPathUtil.c; sourceTree = SOURCE_ROOT; tabWidth = 8; usesTabs = 0; };
		9A6265BF09C474B3009A2B1E /* tkCanvEllipse.c */ = {isa = PBXFileReference; fileEncoding = 4; lastKnownFileType = sourcecode.c.c; name = tkCanvEllipse.c; path = ../generic/tkCanvEllipse.c; sourceTree = SOURCE_ROOT; };
		9A66FCF20978D8050086B7B8 /* tkCanvPrect.c */ = {isa = PBXFileReference; fileEncoding = 4; lastKnownFileType = sourcecode.c.c; name = tkCanvPrect.c; path = ../generic/tkCanvPrect.c; sourceTree = SOURCE_ROOT; };
		9A66FCF40978E3400086B7B8 /* tkCanvPathUtil.h */ = {isa = PBXFileReference; fileEncoding = 4; lastKnownFileType = sourcecode.c.h; name = tkCanvPathUtil.h; path = ../generic/tkCanvPathUtil.h; sourceTree = SOURCE_ROOT; };
		9A671A8F099DC683007AF773 /* tkCanvPimage.c */ = {isa = PBXFileReference; fileEncoding = 30; lastKnownFileType = sourcecode.c.c; name = tkCanvPimage.c; path = ../generic/tkCanvPimage.c; sourceTree = "<group>"; };
		9A6C4D7407AD01B100A80065 /* tkWinGDIPlusPath.cpp */ = {isa = PBXFileReference; fileEncoding = 30; lastKnownFileType = sourcecode.cpp.cpp; lineEnding = 2; name = tkWinGDIPlusPath.cpp; path = ../win/tkWinGDIPlusPath.cpp; sourceTree = SOURCE_ROOT; };
		9A8794BD07801B3900A80065 /* tkWinGDIPath.c */ = {isa = PBXFileReference; fileEncoding = 4; indentWidth = 4; lastKnownFileType = sourcecode.c.c; lineEnding = 2; name = tkWinGDIPath.c; path = ../win/tkWinGDIPath.c; sourceTree = SOURCE_ROOT; tabWidth = 4; usesTabs = 0; };
		9A96B2380B898CA800A80002 /* tkPathStyle.h */ = {isa = PBXFileReference; fileEncoding = 4; lastKnownFileType = sourcecode.c.h; name = tkPathStyle.h; path = ../generic/tkPathStyle.h; sourceTree = SOURCE_ROOT; };
		9AA0B6C407DD8C9900A80065 /* tkPathStyle.c */ = {isa = PBXFileReference; fileEncoding = 4; lastKnownFileType = sourcecode.c.c; name = tkPathStyle.c; path = ../generic/tkPathStyle.c; sourceTree = SOURCE_ROOT; };
		9AA1ECE6077FF68100A80065 /* tkMacOSXPath.c */ = {isa = PBXFileReference; fileEncoding = 4; indentWidth = 4; lastKnownFileType = sourcecode.c.c; path = tkMacOSXPath.c; sourceTree = SOURCE_ROOT; tabWidth = 8; usesTabs = 0; };
		9AA1ECE8077FF7BF00A80065 /* tkCanvPath.c */ = {isa = PBXFileReference; fileEncoding = 30; indentWidth = 4; lastKnownFileType = sourcecode.c.c; name = tkCanvPath.c; path = ../generic/tkCanvPath.c; sourceTree = SOURCE_ROOT; tabWidth = 8; usesTabs = 0; };
		9AA1ECEA077FF7CC00A80065 /* tkIntPath.h */ = {isa = PBXFileReference; fileEncoding = 30; indentWidth = 4; lastKnownFileType = sourcecode.c.h; name = tkIntPath.h; path = ../generic/tkIntPath.h; sourceTree = SOURCE_ROOT; tabWidth = 8; usesTabs = 1; };
		9AB087D80A38001400A80065 /* tkCanvPpoly.c */ = {isa = PBXFileReference; fileEncoding = 30; lastKnownFileType = sourcecode.c.c; name = tkCanvPpoly.c; path = ../generic/tkCanvPpoly.c; sourceTree = SOURCE_ROOT; };
		9AB6AB700B835DCD00A80002 /* tkPathSurface.c */ = {isa = PBXFileReference; fileEncoding = 4; lastKnownFileType = sourcecode.c.c; name = tkPathSurface.c; path = ../generic/tkPathSurface.c; sourceTree = SOURCE_ROOT; };
		9AF2FEBB079410DB00AB783C /* tkPath.h */ = {isa = PBXFileReference; fileEncoding = 30; lastKnownFileType = sourcecode.c.h; name = tkPath.h; path = ../generic/tkPath.h; sourceTree = SOURCE_ROOT; };
		F5564883038142E001A4FCC0 /* CoreServices.framework */ = {isa = PBXFileReference; lastKnownFileType = wrapper.framework; name = CoreServices.framework; path = /System/Library/Frameworks/CoreServices.framework; sourceTree = "<absolute>"; };
/* End PBXFileReference section */

/* Begin PBXFrameworksBuildPhase section */
		49FA53200D3CF52D00DE2BD2 /* Frameworks */ = {
			isa = PBXFrameworksBuildPhase;
			buildActionMask = 2147483647;
			files = (
				49FA53210D3CF52D00DE2BD2 /* Carbon.framework in Frameworks */,
				49FA53220D3CF52D00DE2BD2 /* CoreServices.framework in Frameworks */,
				49FA53230D3CF52D00DE2BD2 /* libtclstub8.5.a in Frameworks */,
				49FA53240D3CF52D00DE2BD2 /* libtkstub8.5.a in Frameworks */,
			);
			runOnlyForDeploymentPostprocessing = 0;
		};
/* End PBXFrameworksBuildPhase section */

/* Begin PBXGroup section */
		034768DDFF38A45A11DB9C8B /* Products */ = {
			isa = PBXGroup;
			children = (
				49FA532A0D3CF52D00DE2BD2 /* tkpath0.3.1.dylib */,
			);
			name = Products;
			sourceTree = "<group>";
		};
		0867D691FE84028FC02AAC07 /* MatsFramework */ = {
			isa = PBXGroup;
			children = (
				9A8794B5078019DB00A80065 /* Source */,
				034768DDFF38A45A11DB9C8B /* Products */,
				089C1665FE841158C02AAC07 /* Resources */,
				0867D69AFE84028FC02AAC07 /* External Frameworks and Libraries */,
			);
			name = MatsFramework;
			sourceTree = "<group>";
		};
		0867D69AFE84028FC02AAC07 /* External Frameworks and Libraries */ = {
			isa = PBXGroup;
			children = (
				08FB77AAFE841565C02AAC07 /* Carbon.framework */,
				F5564883038142E001A4FCC0 /* CoreServices.framework */,
				9A578441043C3672009A6529 /* Tcl.framework */,
				9A57846A043C3778009A6529 /* libtclstub8.5.a */,
				9A578465043C369F009A6529 /* Tk.framework */,
				9A57846C043C37A8009A6529 /* libtkstub8.5.a */,
			);
			name = "External Frameworks and Libraries";
			sourceTree = "<group>";
		};
		089C1665FE841158C02AAC07 /* Resources */ = {
			isa = PBXGroup;
			children = (
			);
			name = Resources;
			sourceTree = "<group>";
		};
		08FB77ACFE841707C02AAC07 /* generic */ = {
			isa = PBXGroup;
			children = (
				49ECBBA30D3FA7C900A1FB4F /* tkp.h */,
				9A56FF2807A234510091799F /* path.c */,
				9AF2FEBB079410DB00AB783C /* tkPath.h */,
				9A017ED6079FCCE100A80065 /* tkPath.c */,
				49FA53360D3CF5DC00DE2BD2 /* tkpCanvas.c */,
				49FA53370D3CF5DC00DE2BD2 /* tkpCanvas.h */,
				49FA53350D3CF5DC00DE2BD2 /* tkpCanvArc.c */,
				49FA53380D3CF5DC00DE2BD2 /* tkpCanvBmap.c */,
				49FA53390D3CF5DC00DE2BD2 /* tkpCanvImg.c */,
				49FA533A0D3CF5DC00DE2BD2 /* tkpCanvLine.c */,
				49FA533B0D3CF5DC00DE2BD2 /* tkpCanvPoly.c */,
				49FA533C0D3CF5DC00DE2BD2 /* tkpCanvPs.c */,
				49FA533D0D3CF5DC00DE2BD2 /* tkpCanvText.c */,
				49FA533E0D3CF5DC00DE2BD2 /* tkpCanvUtil.c */,
				49FA533F0D3CF5DC00DE2BD2 /* tkpCanvWind.c */,
				49FA53400D3CF5DC00DE2BD2 /* tkpRectOval.c */,
				4964E76D0D41D3730030426E /* tkpTrig.c */,
				4964DC240D4333A90050C442 /* tkpUtil.c */,
				9AA1ECEA077FF7CC00A80065 /* tkIntPath.h */,
				9A66FCF40978E3400086B7B8 /* tkCanvPathUtil.h */,
				9A5B17C7097BA957000B33B2 /* tkCanvPathUtil.c */,
				9A6265BF09C474B3009A2B1E /* tkCanvEllipse.c */,
				496353F70D4CCE3C00A7B7DA /* tkCanvGroup.c */,
				9AA1ECE8077FF7BF00A80065 /* tkCanvPath.c */,
				9A66FCF20978D8050086B7B8 /* tkCanvPrect.c */,
				9A587F03098FA7870094E994 /* tkCanvPline.c */,
				9A671A8F099DC683007AF773 /* tkCanvPimage.c */,
				9AB087D80A38001400A80065 /* tkCanvPpoly.c */,
				9A5A2A920B45059700496554 /* tkCanvPtext.c */,
				496824A30DD5E65D000D7DA7 /* tkCanvGradient.c */,
				9A58E5420796814B00FBE143 /* tkPathGradient.c */,
				496D9D740DE2B9BB002618BA /* tkCanvStyle.c */,
				9A96B2380B898CA800A80002 /* tkPathStyle.h */,
				9AA0B6C407DD8C9900A80065 /* tkPathStyle.c */,
				9AB6AB700B835DCD00A80002 /* tkPathSurface.c */,
				9A5BCDA007E2D8B400B6FA03 /* tkPathUtil.c */,
			);
			name = generic;
			sourceTree = "<group>";
		};
		9A8794B5078019DB00A80065 /* Source */ = {
			isa = PBXGroup;
			children = (
				08FB77ACFE841707C02AAC07 /* generic */,
				9A8794B6078019FB00A80065 /* macosx */,
				9A8794B707801A0400A80065 /* unix */,
				9A8794BC07801A5D00A80065 /* windows */,
			);
			name = Source;
			sourceTree = "<group>";
		};
		9A8794B6078019FB00A80065 /* macosx */ = {
			isa = PBXGroup;
			children = (
				9AA1ECE6077FF68100A80065 /* tkMacOSXPath.c */,
			);
			name = macosx;
			sourceTree = "<group>";
		};
		9A8794B707801A0400A80065 /* unix */ = {
			isa = PBXGroup;
			children = (
				9A49B81F07A7AA2F00A80065 /* tkUnixCairoPath.c */,
			);
			name = unix;
			sourceTree = "<group>";
		};
		9A8794BC07801A5D00A80065 /* windows */ = {
			isa = PBXGroup;
			children = (
				9A8794BD07801B3900A80065 /* tkWinGDIPath.c */,
				9A6C4D7407AD01B100A80065 /* tkWinGDIPlusPath.cpp */,
			);
			name = windows;
			sourceTree = "<group>";
		};
/* End PBXGroup section */

/* Begin PBXHeadersBuildPhase section */
		49FA53090D3CF52D00DE2BD2 /* Headers */ = {
			isa = PBXHeadersBuildPhase;
			buildActionMask = 2147483647;
			files = (
				49FA530A0D3CF52D00DE2BD2 /* tkIntPath.h in Headers */,
				49FA530B0D3CF52D00DE2BD2 /* tkPath.h in Headers */,
				49FA530C0D3CF52D00DE2BD2 /* tkCanvPathUtil.h in Headers */,
				49FA530E0D3CF52D00DE2BD2 /* tkPathStyle.h in Headers */,
				49FA53430D3CF5DC00DE2BD2 /* tkpCanvas.h in Headers */,
				49ECBBA40D3FA7C900A1FB4F /* tkp.h in Headers */,
			);
			runOnlyForDeploymentPostprocessing = 0;
		};
/* End PBXHeadersBuildPhase section */

/* Begin PBXNativeTarget section */
		49FA53070D3CF52D00DE2BD2 /* tkp canvas dylib */ = {
			isa = PBXNativeTarget;
			buildConfigurationList = 49FA53260D3CF52D00DE2BD2 /* Build configuration list for PBXNativeTarget "tkp canvas dylib" */;
			buildPhases = (
				49FA53080D3CF52D00DE2BD2 /* ShellScript */,
				49FA53090D3CF52D00DE2BD2 /* Headers */,
				49FA530F0D3CF52D00DE2BD2 /* Sources */,
				49FA53200D3CF52D00DE2BD2 /* Frameworks */,
				49FA53250D3CF52D00DE2BD2 /* Rez */,
			);
			buildRules = (
			);
			dependencies = (
			);
			name = "tkp canvas dylib";
			productInstallPath = "/Library/Tcl/tkpath${DYLIB_COMPATIBILITY_VERSION}";
			productName = "MovableAlerts dylib";
			productReference = 49FA532A0D3CF52D00DE2BD2 /* tkpath0.3.1.dylib */;
			productType = "com.apple.product-type.library.dynamic";
		};
/* End PBXNativeTarget section */

/* Begin PBXProject section */
		0867D690FE84028FC02AAC07 /* Project object */ = {
			isa = PBXProject;
			buildConfigurationList = 49C087820D263BCC008B0A1B /* Build configuration list for PBXProject "tkpath" */;
			compatibilityVersion = "Xcode 2.4";
			hasScannedForEncodings = 1;
			mainGroup = 0867D691FE84028FC02AAC07 /* MatsFramework */;
			productRefGroup = 034768DDFF38A45A11DB9C8B /* Products */;
			projectDirPath = "";
			projectRoot = ..;
			targets = (
				49FA53070D3CF52D00DE2BD2 /* tkp canvas dylib */,
			);
		};
/* End PBXProject section */

/* Begin PBXRezBuildPhase section */
		49FA53250D3CF52D00DE2BD2 /* Rez */ = {
			isa = PBXRezBuildPhase;
			buildActionMask = 2147483647;
			files = (
			);
			runOnlyForDeploymentPostprocessing = 0;
		};
/* End PBXRezBuildPhase section */

/* Begin PBXShellScriptBuildPhase section */
		49FA53080D3CF52D00DE2BD2 /* ShellScript */ = {
			isa = PBXShellScriptBuildPhase;
			buildActionMask = 8;
			files = (
			);
			runOnlyForDeploymentPostprocessing = 1;
			shellPath = /bin/sh;
			shellScript = "# ensure we can overwrite a previous install\nif [ -d \"${INSTALL_ROOT}${INSTALL_PATH}\" ]; then\n    chmod -RH u+w \"${INSTALL_ROOT}${INSTALL_PATH}\"\nfi";
		};
/* End PBXShellScriptBuildPhase section */

/* Begin PBXSourcesBuildPhase section */
		49FA530F0D3CF52D00DE2BD2 /* Sources */ = {
			isa = PBXSourcesBuildPhase;
			buildActionMask = 2147483647;
			files = (
				49FA53100D3CF52D00DE2BD2 /* tkMacOSXPath.c in Sources */,
				49FA53110D3CF52D00DE2BD2 /* tkCanvPath.c in Sources */,
				49FA53120D3CF52D00DE2BD2 /* tkPathGradient.c in Sources */,
				49FA53130D3CF52D00DE2BD2 /* tkPath.c in Sources */,
				49FA53140D3CF52D00DE2BD2 /* path.c in Sources */,
				49FA53150D3CF52D00DE2BD2 /* tkPathStyle.c in Sources */,
				49FA53160D3CF52D00DE2BD2 /* tkPathUtil.c in Sources */,
				49FA53180D3CF52D00DE2BD2 /* tkCanvPrect.c in Sources */,
				49FA53190D3CF52D00DE2BD2 /* tkCanvPathUtil.c in Sources */,
				49FA531A0D3CF52D00DE2BD2 /* tkCanvPline.c in Sources */,
				49FA531B0D3CF52D00DE2BD2 /* tkCanvPimage.c in Sources */,
				49FA531C0D3CF52D00DE2BD2 /* tkCanvEllipse.c in Sources */,
				49FA531D0D3CF52D00DE2BD2 /* tkCanvPpoly.c in Sources */,
				49FA531E0D3CF52D00DE2BD2 /* tkCanvPtext.c in Sources */,
				49FA531F0D3CF52D00DE2BD2 /* tkPathSurface.c in Sources */,
				49FA53410D3CF5DC00DE2BD2 /* tkpCanvArc.c in Sources */,
				49FA53420D3CF5DC00DE2BD2 /* tkpCanvas.c in Sources */,
				49FA53440D3CF5DC00DE2BD2 /* tkpCanvBmap.c in Sources */,
				49FA53450D3CF5DC00DE2BD2 /* tkpCanvImg.c in Sources */,
				49FA53460D3CF5DC00DE2BD2 /* tkpCanvLine.c in Sources */,
				49FA53470D3CF5DC00DE2BD2 /* tkpCanvPoly.c in Sources */,
				49FA53480D3CF5DC00DE2BD2 /* tkpCanvPs.c in Sources */,
				49FA53490D3CF5DC00DE2BD2 /* tkpCanvText.c in Sources */,
				49FA534A0D3CF5DC00DE2BD2 /* tkpCanvUtil.c in Sources */,
				49FA534B0D3CF5DC00DE2BD2 /* tkpCanvWind.c in Sources */,
				49FA534C0D3CF5DC00DE2BD2 /* tkpRectOval.c in Sources */,
				4964E76E0D41D3730030426E /* tkpTrig.c in Sources */,
				4964DC250D4333A90050C442 /* tkpUtil.c in Sources */,
				496353F80D4CCE3C00A7B7DA /* tkCanvGroup.c in Sources */,
				496824A40DD5E65D000D7DA7 /* tkCanvGradient.c in Sources */,
				496D9D750DE2B9BB002618BA /* tkCanvStyle.c in Sources */,
			);
			runOnlyForDeploymentPostprocessing = 0;
		};
/* End PBXSourcesBuildPhase section */

/* Begin XCBuildConfiguration section */
		49C087790D263BCB008B0A1B /* Development */ = {
			isa = XCBuildConfiguration;
			buildSettings = {
				SDKROOT = /Developer/SDKs/MacOSX10.4u.sdk;
			};
			name = Development;
		};
		49C0877A0D263BCB008B0A1B /* Deployment */ = {
			isa = XCBuildConfiguration;
			buildSettings = {
				SDKROOT = /Developer/SDKs/MacOSX10.4u.sdk;
			};
			name = Deployment;
		};
		49C0877B0D263BCB008B0A1B /* Default */ = {
			isa = XCBuildConfiguration;
			buildSettings = {
				SDKROOT = /Developer/SDKs/MacOSX10.4u.sdk;
			};
			name = Default;
		};
		49FA53270D3CF52D00DE2BD2 /* Development */ = {
			isa = XCBuildConfiguration;
			buildSettings = {
				COPY_PHASE_STRIP = NO;
				DYLIB_COMPATIBILITY_VERSION = 0.3.1;
				DYLIB_CURRENT_VERSION = 0.3.1;
				EXPORTED_SYMBOLS_FILE = ./PBExportedSymbols;
				FRAMEWORK_SEARCH_PATHS = "";
				GCC_DYNAMIC_NO_PIC = NO;
				GCC_ENABLE_FIX_AND_CONTINUE = NO;
				GCC_GENERATE_DEBUGGING_SYMBOLS = YES;
				GCC_OPTIMIZATION_LEVEL = 0;
				GCC_PREPROCESSOR_DEFINITIONS = (
					USE_TCL_STUBS,
					"TARGET_OS_MAC=1",
					"TARGET_API_MAC_CARBON=1",
					USE_TK_STUBS,
					MAC_OSX_TK,
				);
				GCC_SYMBOLS_PRIVATE_EXTERN = NO;
				HEADER_SEARCH_PATHS = (
					"$(HEADER_SEARCH_PATHS_QUOTED_FOR_TARGET_1)",
					"$(HEADER_SEARCH_PATHS_QUOTED_FOR_TARGET_2)",
					"$(HEADER_SEARCH_PATHS_QUOTED_FOR_TARGET_3)",
					"$(HEADER_SEARCH_PATHS_QUOTED_FOR_TARGET_4)",
					../../tk/generic,
					../../tk/macosx,
				);
				HEADER_SEARCH_PATHS_QUOTED_FOR_TARGET_1 = "\\\"$(LOCAL_LIBRARY_DIR)/Frameworks/Tcl.framework/Headers\\\"";
				HEADER_SEARCH_PATHS_QUOTED_FOR_TARGET_2 = "\\\"$(LOCAL_LIBRARY_DIR)/Frameworks/Tcl.framework/PrivateHeaders\\\"";
				HEADER_SEARCH_PATHS_QUOTED_FOR_TARGET_3 = "\\\"$(LOCAL_LIBRARY_DIR)/Frameworks/Tk.framework/Headers\\\"";
				HEADER_SEARCH_PATHS_QUOTED_FOR_TARGET_4 = "\\\"$(LOCAL_LIBRARY_DIR)/Frameworks/Tk.framework/PrivateHeaders\\\"";
				INSTALL_PATH = "/Library/Tcl/tkpath${DYLIB_COMPATIBILITY_VERSION}";
				LIBRARY_SEARCH_PATHS = (
					"$(LIBRARY_SEARCH_PATHS_QUOTED_FOR_TARGET_1)",
					"$(LIBRARY_SEARCH_PATHS_QUOTED_FOR_TARGET_2)",
					"$(LIBRARY_SEARCH_PATHS_QUOTED_FOR_TARGET_3)",
				);
				LIBRARY_SEARCH_PATHS_QUOTED_FOR_TARGET_1 = "\\\"$(LOCAL_LIBRARY_DIR)/Frameworks/Tcl.framework\\\"";
				LIBRARY_SEARCH_PATHS_QUOTED_FOR_TARGET_2 = "\\\"$(LOCAL_LIBRARY_DIR)/Frameworks/Tk.framework\\\"";
				LIBRARY_STYLE = DYNAMIC;
				MACH_O_TYPE = mh_dylib;
				MACOSX_DEPLOYMENT_TARGET = 10.3;
				OTHER_CFLAGS = "";
				OTHER_LDFLAGS = "";
				OTHER_LIBTOOL_FLAGS = "";
				OTHER_REZFLAGS = "";
				PRODUCT_NAME = "tkpath${DYLIB_COMPATIBILITY_VERSION}";
				REZ_EXECUTABLE = YES;
				SECTORDER_FLAGS = "";
				WARNING_CFLAGS = (
					"-Wmost",
					"-Wno-four-char-constants",
					"-Wno-unknown-pragmas",
				);
				ZERO_LINK = NO;
			};
			name = Development;
		};
		49FA53280D3CF52D00DE2BD2 /* Deployment */ = {
			isa = XCBuildConfiguration;
			buildSettings = {
				ARCHS = (
					i386,
					ppc,
				);
				COPY_PHASE_STRIP = YES;
				DYLIB_COMPATIBILITY_VERSION = 0.3.1;
				DYLIB_CURRENT_VERSION = 0.3.1;
				EXPORTED_SYMBOLS_FILE = ./PBExportedSymbols;
				FRAMEWORK_SEARCH_PATHS = "";
				GCC_ENABLE_FIX_AND_CONTINUE = NO;
				GCC_GENERATE_DEBUGGING_SYMBOLS = NO;
				GCC_OPTIMIZATION_LEVEL = s;
				GCC_PREPROCESSOR_DEFINITIONS = (
					USE_TCL_STUBS,
					"TARGET_OS_MAC=1",
					"TARGET_API_MAC_CARBON=1",
					USE_TK_STUBS,
					MAC_OSX_TK,
				);
				GCC_SYMBOLS_PRIVATE_EXTERN = NO;
				HEADER_SEARCH_PATHS = (
					"$(HEADER_SEARCH_PATHS_QUOTED_FOR_TARGET_1)",
					"$(HEADER_SEARCH_PATHS_QUOTED_FOR_TARGET_2)",
					"$(HEADER_SEARCH_PATHS_QUOTED_FOR_TARGET_3)",
					"$(HEADER_SEARCH_PATHS_QUOTED_FOR_TARGET_4)",
					../../tk/generic,
					../../tk/macosx,
				);
				HEADER_SEARCH_PATHS_QUOTED_FOR_TARGET_1 = "\\\"$(LOCAL_LIBRARY_DIR)/Frameworks/Tcl.framework/Headers\\\"";
				HEADER_SEARCH_PATHS_QUOTED_FOR_TARGET_2 = "\\\"$(LOCAL_LIBRARY_DIR)/Frameworks/Tcl.framework/PrivateHeaders\\\"";
				HEADER_SEARCH_PATHS_QUOTED_FOR_TARGET_3 = "\\\"$(LOCAL_LIBRARY_DIR)/Frameworks/Tk.framework/Headers\\\"";
				HEADER_SEARCH_PATHS_QUOTED_FOR_TARGET_4 = "\\\"$(LOCAL_LIBRARY_DIR)/Frameworks/Tk.framework/PrivateHeaders\\\"";
				INSTALL_PATH = "/Library/Tcl/tkpath${DYLIB_COMPATIBILITY_VERSION}";
				LIBRARY_SEARCH_PATHS = (
					"$(LIBRARY_SEARCH_PATHS_QUOTED_FOR_TARGET_1)",
					"$(LIBRARY_SEARCH_PATHS_QUOTED_FOR_TARGET_2)",
					"$(LIBRARY_SEARCH_PATHS_QUOTED_FOR_TARGET_3)",
				);
				LIBRARY_SEARCH_PATHS_QUOTED_FOR_TARGET_1 = "\\\"$(LOCAL_LIBRARY_DIR)/Frameworks/Tcl.framework\\\"";
				LIBRARY_SEARCH_PATHS_QUOTED_FOR_TARGET_2 = "\\\"$(LOCAL_LIBRARY_DIR)/Frameworks/Tk.framework\\\"";
				LIBRARY_STYLE = DYNAMIC;
				MACH_O_TYPE = mh_dylib;
				MACOSX_DEPLOYMENT_TARGET = 10.3;
				OTHER_CFLAGS = "";
				OTHER_LDFLAGS = "";
				OTHER_LIBTOOL_FLAGS = "";
				OTHER_REZFLAGS = "";
				PRODUCT_NAME = "tkpath${DYLIB_COMPATIBILITY_VERSION}";
				REZ_EXECUTABLE = YES;
				SECTORDER_FLAGS = "";
				WARNING_CFLAGS = (
					"-Wmost",
					"-Wno-four-char-constants",
					"-Wno-unknown-pragmas",
				);
				ZERO_LINK = NO;
			};
			name = Deployment;
		};
		49FA53290D3CF52D00DE2BD2 /* Default */ = {
			isa = XCBuildConfiguration;
			buildSettings = {
				DYLIB_COMPATIBILITY_VERSION = 0.3.0;
				DYLIB_CURRENT_VERSION = 0.3.0;
				EXPORTED_SYMBOLS_FILE = ./PBExportedSymbols;
				FRAMEWORK_SEARCH_PATHS = "";
				GCC_GENERATE_DEBUGGING_SYMBOLS = NO;
				GCC_OPTIMIZATION_LEVEL = 0;
				GCC_PREPROCESSOR_DEFINITIONS = (
					USE_TCL_STUBS,
					"TARGET_OS_MAC=1",
					"TARGET_API_MAC_CARBON=1",
					USE_TK_STUBS,
					MAC_OSX_TK,
				);
				GCC_SYMBOLS_PRIVATE_EXTERN = NO;
				HEADER_SEARCH_PATHS = (
					"$(HEADER_SEARCH_PATHS_QUOTED_FOR_TARGET_1)",
					"$(HEADER_SEARCH_PATHS_QUOTED_FOR_TARGET_2)",
					"$(HEADER_SEARCH_PATHS_QUOTED_FOR_TARGET_3)",
					"$(HEADER_SEARCH_PATHS_QUOTED_FOR_TARGET_4)",
					../../tk/generic,
					../../tk/macosx,
				);
				HEADER_SEARCH_PATHS_QUOTED_FOR_TARGET_1 = "\\\"$(LOCAL_LIBRARY_DIR)/Frameworks/Tcl.framework/Headers\\\"";
				HEADER_SEARCH_PATHS_QUOTED_FOR_TARGET_2 = "\\\"$(LOCAL_LIBRARY_DIR)/Frameworks/Tcl.framework/PrivateHeaders\\\"";
				HEADER_SEARCH_PATHS_QUOTED_FOR_TARGET_3 = "\\\"$(LOCAL_LIBRARY_DIR)/Frameworks/Tk.framework/Headers\\\"";
				HEADER_SEARCH_PATHS_QUOTED_FOR_TARGET_4 = "\\\"$(LOCAL_LIBRARY_DIR)/Frameworks/Tk.framework/PrivateHeaders\\\"";
				INSTALL_PATH = "/Library/Tcl/tkpath${DYLIB_COMPATIBILITY_VERSION}";
				LIBRARY_SEARCH_PATHS = (
					"$(LIBRARY_SEARCH_PATHS_QUOTED_FOR_TARGET_1)",
					"$(LIBRARY_SEARCH_PATHS_QUOTED_FOR_TARGET_2)",
					"$(LIBRARY_SEARCH_PATHS_QUOTED_FOR_TARGET_3)",
				);
				LIBRARY_SEARCH_PATHS_QUOTED_FOR_TARGET_1 = "\\\"$(LOCAL_LIBRARY_DIR)/Frameworks/Tcl.framework\\\"";
				LIBRARY_SEARCH_PATHS_QUOTED_FOR_TARGET_2 = "\\\"$(LOCAL_LIBRARY_DIR)/Frameworks/Tk.framework\\\"";
				LIBRARY_STYLE = DYNAMIC;
				MACH_O_TYPE = mh_dylib;
				MACOSX_DEPLOYMENT_TARGET = 10.3;
				OTHER_CFLAGS = "";
				OTHER_LDFLAGS = "";
				OTHER_LIBTOOL_FLAGS = "";
				OTHER_REZFLAGS = "";
				PRODUCT_NAME = "tkpath${DYLIB_COMPATIBILITY_VERSION}";
				REZ_EXECUTABLE = YES;
				SECTORDER_FLAGS = "";
				WARNING_CFLAGS = (
					"-Wmost",
					"-Wno-four-char-constants",
					"-Wno-unknown-pragmas",
				);
			};
			name = Default;
		};
/* End XCBuildConfiguration section */

/* Begin XCConfigurationList section */
		49C087820D263BCC008B0A1B /* Build configuration list for PBXProject "tkpath" */ = {
			isa = XCConfigurationList;
			buildConfigurations = (
				49C087790D263BCB008B0A1B /* Development */,
				49C0877A0D263BCB008B0A1B /* Deployment */,
				49C0877B0D263BCB008B0A1B /* Default */,
			);
			defaultConfigurationIsVisible = 0;
			defaultConfigurationName = Default;
		};
		49FA53260D3CF52D00DE2BD2 /* Build configuration list for PBXNativeTarget "tkp canvas dylib" */ = {
			isa = XCConfigurationList;
			buildConfigurations = (
				49FA53270D3CF52D00DE2BD2 /* Development */,
				49FA53280D3CF52D00DE2BD2 /* Deployment */,
				49FA53290D3CF52D00DE2BD2 /* Default */,
			);
			defaultConfigurationIsVisible = 0;
			defaultConfigurationName = Default;
		};
/* End XCConfigurationList section */
	};
	rootObject = 0867D690FE84028FC02AAC07 /* Project object */;
}
